---
# file-characteristics.yml
#
# Rules for notable characteristics in various types of files.

- rule_name: File_with_URL_Shortener_Reference
  rule_description: >-
    Adversaries may abuse URL shortener services to hide malicious content
    behind a legitimate domain in an attempt by evade detection. This
    signature identifies files that contain references to known URL
    shortener service domains.
  rule_category: FC
  rule_status: Released
  rule_author: Darren Spruell
  rule_created: 2023-12-12
  rule_last_modified: 2023-12-12
  rule_revision: 1
  rule_scores:
    confidence: 9
    severity: 2
  rule_id: 999999
  references:
    public:
      mitre-attack-techniques:
        - T1608.005 # Stage Capabilities: Link Target
      urls:
        - https://safecomputing.umich.edu/be-aware/phishing-and-suspicious-email/shortened-url-security
      samples:
        - 0001bc3968111f3c2fd2c624992b1535d42860bfaddb57636325ef454b1434e4
        - 00023932fd42ba86c6d97b7d9b7b7c94892d87368134ddf512a6eeedd8792982
    private:
      tracking_cases:
        - 'https://www.notion.so/inquest-portal/URL-Shorteners-deadbeefdeadbeefdeadbeefdeadbeef'
  yara_tags:
    - url_shortener
  rule_tags:
    - inquest:intel-type="capability-intelligence"
    - inquest:rule-source="inquest"
    - inquest:capability="url-shortener"
  rule_strings: |
    {{ url_shortener_domains|regexpalt(strname="url_shortener_domains", modifiers=["nocase", "ascii", "wide"]) }}
  rule_condition: |
    any of them
  testing_strategy:
    - match_all_referenced_samples
